
Microsoft Visual Studio Solution File, Format Version 12.00
# Visual Studio Version 16
VisualStudioVersion = 16.0.30611.23
MinimumVisualStudioVersion = 10.0.40219.1
Project("{FAE04EC0-301F-11D3-BF4B-00C04F79EFBC}") = "AreaOfCircleStudio", "AreaOfCircleStudio\AreaOfCircleStudio.csproj", "{7B050061-31AE-47A6-BBB9-29A09FEF6546}"
EndProject
Global
	GlobalSection(SolutionConfigurationPlatforms) = preSolution
		Debug|Any CPU = Debug|Any CPU
		Release|Any CPU = Release|Any CPU
	EndGlobalSection
	GlobalSection(ProjectConfigurationPlatforms) = postSolution
		{7B050061-31AE-47A6-BBB9-29A09FEF6546}.Debug|Any CPU.ActiveCfg = Debug|Any CPU
		{7B050061-31AE-47A6-BBB9-29A09FEF6546}.Debug|Any CPU.Build.0 = Debug|Any CPU
		{7B050061-31AE-47A6-BBB9-29A09FEF6546}.Release|Any CPU.ActiveCfg = Release|Any CPU
		{7B050061-31AE-47A6-BBB9-29A09FEF6546}.Release|Any CPU.Build.0 = Release|Any CPU
	EndGlobalSection
	GlobalSection(SolutionProperties) = preSolution
		HideSolutionNode = FALSE
	EndGlobalSection
	GlobalSection(ExtensibilityGlobals) = postSolution
		SolutionGuid = {7DF928D5-FA1D-4D41-988C-B056926577D3}
	EndGlobalSection
EndGlobal
